
Microsoft Visual Studio Solution File, Format Version 12.00
# Visual Studio Version 17
VisualStudioVersion = 17.6.33829.357
MinimumVisualStudioVersion = 10.0.40219.1
Project("{2150E333-8FDC-42A3-9474-1A3956D46DE8}") = "ProductieOrder-Gereedmelding", "ProductieOrder-Gereedmelding", "{084110E9-A778-4661-847A-3A4CCB4C41CA}"
	ProjectSection(SolutionItems) = preProject
		ProductieOrder-Gereedmelding\ProductieOrder-Gereedmelding - ProcessFlow & Data Systems & Storage.jpg = ProductieOrder-Gereedmelding\ProductieOrder-Gereedmelding - ProcessFlow & Data Systems & Storage.jpg
	EndProjectSection
EndProject
Project("{2150E333-8FDC-42A3-9474-1A3956D46DE8}") = "Taak 330", "Taak 330", "{8E8E58CD-95DB-4F3E-89C7-18A33D2ADC3D}"
	ProjectSection(SolutionItems) = preProject
		ProductieOrder-Gereedmelding\Taak 330\ABEI_Job_! EG; Productieorder gereedmelden en rework.xml = ProductieOrder-Gereedmelding\Taak 330\ABEI_Job_! EG; Productieorder gereedmelden en rework.xml
		ProductieOrder-Gereedmelding\Taak 330\ABEI_Job_TEST_! EG; Productieorder gereedmelden en rework.xml = ProductieOrder-Gereedmelding\Taak 330\ABEI_Job_TEST_! EG; Productieorder gereedmelden en rework.xml
		ProductieOrder-Gereedmelding\Taak 330\Job330-SeqNo10-ProdGlobe.dbo._AB_sp_New_prod_2_table.sql = ProductieOrder-Gereedmelding\Taak 330\Job330-SeqNo10-ProdGlobe.dbo._AB_sp_New_prod_2_table.sql
		ProductieOrder-Gereedmelding\Taak 330\Job330-SeqNo20 Select records for creating ProductionReceipt.sql = ProductieOrder-Gereedmelding\Taak 330\Job330-SeqNo20 Select records for creating ProductionReceipt.sql
		ProductieOrder-Gereedmelding\Taak 330\Job330-SeqNo30 SET Status after creating ProductionReceipt.sql = ProductieOrder-Gereedmelding\Taak 330\Job330-SeqNo30 SET Status after creating ProductionReceipt.sql
		ProductieOrder-Gereedmelding\Taak 330\Job330-SeqNo30-ProdGlobe.dbo._AB_sp_Report_Status_Prod.sql = ProductieOrder-Gereedmelding\Taak 330\Job330-SeqNo30-ProdGlobe.dbo._AB_sp_Report_Status_Prod.sql
		ProductieOrder-Gereedmelding\Taak 330\Job330-SeqNo40-ProdGLobe.dbo._AB_sp_New_interf_2_table.sql = ProductieOrder-Gereedmelding\Taak 330\Job330-SeqNo40-ProdGLobe.dbo._AB_sp_New_interf_2_table.sql
		ProductieOrder-Gereedmelding\Taak 330\Job330-SeqNo70.ProdGlobe.dbo._AB_sp_Report_Status_Interfiliaal.sql = ProductieOrder-Gereedmelding\Taak 330\Job330-SeqNo70.ProdGlobe.dbo._AB_sp_Report_Status_Interfiliaal.sql
	EndProjectSection
EndProject
Project("{2150E333-8FDC-42A3-9474-1A3956D46DE8}") = "Taak 469", "Taak 469", "{D6086639-FCDB-462E-8E31-DB117EC38DA1}"
	ProjectSection(SolutionItems) = preProject
		ProductieOrder-Gereedmelding\Taak 469\ABEI_Job_00.1 _ EG Production order auto_complete.xml = ProductieOrder-Gereedmelding\Taak 469\ABEI_Job_00.1 _ EG Production order auto_complete.xml
	EndProjectSection
EndProject
Project("{2150E333-8FDC-42A3-9474-1A3956D46DE8}") = "SQL Investigative", "SQL Investigative", "{842363B3-514F-43E0-82FD-F07DE3DF6166}"
	ProjectSection(SolutionItems) = preProject
		ProductieOrder-Gereedmelding\SQL_Investigative\CHANGE Check other Job Query (Job 469 Step 10 - Job 330 Step 2).sql = ProductieOrder-Gereedmelding\SQL_Investigative\CHANGE Check other Job Query (Job 469 Step 10 - Job 330 Step 2).sql
		ProductieOrder-Gereedmelding\SQL_Investigative\Checkup Mutations for a serial Number.sql = ProductieOrder-Gereedmelding\SQL_Investigative\Checkup Mutations for a serial Number.sql
		ProductieOrder-Gereedmelding\SQL_Investigative\Detect Duplicate serial Numbers in inventory.sql = ProductieOrder-Gereedmelding\SQL_Investigative\Detect Duplicate serial Numbers in inventory.sql
		ProductieOrder-Gereedmelding\SQL_Investigative\Jobs that manipulate [ProdGlobe_live].[dbo].[_AB_GerProd_proces].sql = ProductieOrder-Gereedmelding\SQL_Investigative\Jobs that manipulate [ProdGlobe_live].[dbo].[_AB_GerProd_proces].sql
		ProductieOrder-Gereedmelding\SQL_Investigative\Orlaco-Duplicate SerialNumber Issue.xlsx = ProductieOrder-Gereedmelding\SQL_Investigative\Orlaco-Duplicate SerialNumber Issue.xlsx
	EndProjectSection
EndProject
Project("{2150E333-8FDC-42A3-9474-1A3956D46DE8}") = "SQL Reporting", "SQL Reporting", "{27171723-C7A4-4F59-BDB0-C668B7887BBC}"
	ProjectSection(SolutionItems) = preProject
		ProductieOrder-Gereedmelding\SQL Reporting\ABEI330 - Open Production Orders (Check Query Lennard).sql = ProductieOrder-Gereedmelding\SQL Reporting\ABEI330 - Open Production Orders (Check Query Lennard).sql
		ProductieOrder-Gereedmelding\SQL Reporting\When did Job ID 330 & 469 run in the same minute.sql = ProductieOrder-Gereedmelding\SQL Reporting\When did Job ID 330 & 469 run in the same minute.sql
	EndProjectSection
EndProject
Project("{2150E333-8FDC-42A3-9474-1A3956D46DE8}") = "Data Landscape", "Data Landscape", "{5A510F56-0968-4076-9D8D-3B3D889B6F49}"
EndProject
Project("{2150E333-8FDC-42A3-9474-1A3956D46DE8}") = "SQL Backups", "SQL Backups", "{60DC39CD-B333-4936-A0F6-D38D10416049}"
	ProjectSection(SolutionItems) = preProject
		Data Landscape\SQL Backups\ExactData-For_Test-Backup.sql = Data Landscape\SQL Backups\ExactData-For_Test-Backup.sql
		Data Landscape\SQL Backups\ExactData-Normal-Backup.sql = Data Landscape\SQL Backups\ExactData-Normal-Backup.sql
		Data Landscape\SQL Backups\ProdGlobe_live-For_Test-Backup.sql = Data Landscape\SQL Backups\ProdGlobe_live-For_Test-Backup.sql
		Data Landscape\SQL Backups\ProdGlobe_live-Normal-Backup.sql = Data Landscape\SQL Backups\ProdGlobe_live-Normal-Backup.sql
	EndProjectSection
EndProject
Project("{2150E333-8FDC-42A3-9474-1A3956D46DE8}") = "ExactData DB Scripts", "ExactData DB Scripts", "{657FE34E-3026-43E6-800D-D9BB57B4ABEC}"
	ProjectSection(SolutionItems) = preProject
		Data Landscape\ExactData\dbo.2C_Itemcodes.Table.sql = Data Landscape\ExactData\dbo.2C_Itemcodes.Table.sql
		Data Landscape\ExactData\dbo.400_staffl_backup_20211020.Table.sql = Data Landscape\ExactData\dbo.400_staffl_backup_20211020.Table.sql
		Data Landscape\ExactData\dbo.400_stfoms_backup_20211020.Table.sql = Data Landscape\ExactData\dbo.400_stfoms_backup_20211020.Table.sql
		Data Landscape\ExactData\dbo.483_backup_20220103_staffl.Table.sql = Data Landscape\ExactData\dbo.483_backup_20220103_staffl.Table.sql
		Data Landscape\ExactData\dbo.483_restored_211231_staffl.Table.sql = Data Landscape\ExactData\dbo.483_restored_211231_staffl.Table.sql
		Data Landscape\ExactData\dbo.483_staffl_backup_20211020.Table.sql = Data Landscape\ExactData\dbo.483_staffl_backup_20211020.Table.sql
		Data Landscape\ExactData\dbo.483_stfoms_backup_20211020.Table.sql = Data Landscape\ExactData\dbo.483_stfoms_backup_20211020.Table.sql
		Data Landscape\ExactData\dbo.483_update_staffl.Table.sql = Data Landscape\ExactData\dbo.483_update_staffl.Table.sql
		Data Landscape\ExactData\dbo.484_staffl_backup_20211020.Table.sql = Data Landscape\ExactData\dbo.484_staffl_backup_20211020.Table.sql
		Data Landscape\ExactData\dbo.484_stfoms_backup_20211020.Table.sql = Data Landscape\ExactData\dbo.484_stfoms_backup_20211020.Table.sql
		Data Landscape\ExactData\dbo.AR_Invoices_RPA.Table.sql = Data Landscape\ExactData\dbo.AR_Invoices_RPA.Table.sql
		Data Landscape\ExactData\dbo.CLS_DayHoursTable.Table.sql = Data Landscape\ExactData\dbo.CLS_DayHoursTable.Table.sql
		Data Landscape\ExactData\dbo.CLS_RefreshPlanningReport.StoredProcedure.sql = Data Landscape\ExactData\dbo.CLS_RefreshPlanningReport.StoredProcedure.sql
		Data Landscape\ExactData\dbo.fn_split_string.UserDefinedFunction.sql = Data Landscape\ExactData\dbo.fn_split_string.UserDefinedFunction.sql
		Data Landscape\ExactData\dbo.gbkmut_bu_200624.Table.sql = Data Landscape\ExactData\dbo.gbkmut_bu_200624.Table.sql
		Data Landscape\ExactData\dbo.gbkmut_bu_200624_update.Table.sql = Data Landscape\ExactData\dbo.gbkmut_bu_200624_update.Table.sql
		Data Landscape\ExactData\dbo.Import_Item_location.Table.sql = Data Landscape\ExactData\dbo.Import_Item_location.Table.sql
		Data Landscape\ExactData\dbo.PriceUpdate_DAF_20220706.Table.sql = Data Landscape\ExactData\dbo.PriceUpdate_DAF_20220706.Table.sql
		Data Landscape\ExactData\dbo.PriceUpdate_DAF_20220706_Live.Table.sql = Data Landscape\ExactData\dbo.PriceUpdate_DAF_20220706_Live.Table.sql
		Data Landscape\ExactData\dbo.Profiler.Table.sql = Data Landscape\ExactData\dbo.Profiler.Table.sql
		Data Landscape\ExactData\dbo.ShippingTypes.Table.sql = Data Landscape\ExactData\dbo.ShippingTypes.Table.sql
		Data Landscape\ExactData\dbo.SQLProfiler.Table.sql = Data Landscape\ExactData\dbo.SQLProfiler.Table.sql
		Data Landscape\ExactData\dbo.Temp.Table.sql = Data Landscape\ExactData\dbo.Temp.Table.sql
		Data Landscape\ExactData\dbo._AB_Entity_trigger_table.Table.sql = Data Landscape\ExactData\dbo._AB_Entity_trigger_table.Table.sql
		Data Landscape\ExactData\dbo._Backup_Staffl_010_20220330.Table.sql = Data Landscape\ExactData\dbo._Backup_Staffl_010_20220330.Table.sql
		Data Landscape\ExactData\dbo._PriceUpdate_974048_05042022.Table.sql = Data Landscape\ExactData\dbo._PriceUpdate_974048_05042022.Table.sql
		Data Landscape\ExactData\dbo._ST_CATEDI_Manual.Table.sql = Data Landscape\ExactData\dbo._ST_CATEDI_Manual.Table.sql
		Data Landscape\ExactData\dbo._ST_DocumentLayoutTypes.Table.sql = Data Landscape\ExactData\dbo._ST_DocumentLayoutTypes.Table.sql
		Data Landscape\ExactData\dbo._ST_EG_Import_CC.Table.sql = Data Landscape\ExactData\dbo._ST_EG_Import_CC.Table.sql
		Data Landscape\ExactData\dbo._ST_EG_Import_SODeliveryDate.Table.sql = Data Landscape\ExactData\dbo._ST_EG_Import_SODeliveryDate.Table.sql
		Data Landscape\ExactData\dbo._ST_EG_Import_SODeliveryDate_States.Table.sql = Data Landscape\ExactData\dbo._ST_EG_Import_SODeliveryDate_States.Table.sql
		Data Landscape\ExactData\dbo._ST_EG_Import_SORequestedDate.Table.sql = Data Landscape\ExactData\dbo._ST_EG_Import_SORequestedDate.Table.sql
		Data Landscape\ExactData\dbo._ST_EG_Import_SORequestedDate_States.Table.sql = Data Landscape\ExactData\dbo._ST_EG_Import_SORequestedDate_States.Table.sql
		Data Landscape\ExactData\dbo._ST_EG_UpdateItemBOMProFile.Table.sql = Data Landscape\ExactData\dbo._ST_EG_UpdateItemBOMProFile.Table.sql
		Data Landscape\ExactData\dbo._ST_ErrorLog.Table.sql = Data Landscape\ExactData\dbo._ST_ErrorLog.Table.sql
		Data Landscape\ExactData\dbo._ST_ExcludeFromPricelist22.Table.sql = Data Landscape\ExactData\dbo._ST_ExcludeFromPricelist22.Table.sql
		Data Landscape\ExactData\dbo._ST_ExcludePricelists.Table.sql = Data Landscape\ExactData\dbo._ST_ExcludePricelists.Table.sql
		Data Landscape\ExactData\dbo._ST_ICLPriceUpdate.Table.sql = Data Landscape\ExactData\dbo._ST_ICLPriceUpdate.Table.sql
		Data Landscape\ExactData\dbo._ST_IC_BCAs.Table.sql = Data Landscape\ExactData\dbo._ST_IC_BCAs.Table.sql
		Data Landscape\ExactData\dbo._ST_IC_FieldMapping.Table.sql = Data Landscape\ExactData\dbo._ST_IC_FieldMapping.Table.sql
		Data Landscape\ExactData\dbo._ST_IC_RMAs.Table.sql = Data Landscape\ExactData\dbo._ST_IC_RMAs.Table.sql
		Data Landscape\ExactData\dbo._ST_IC_Subscribers.Table.sql = Data Landscape\ExactData\dbo._ST_IC_Subscribers.Table.sql
		Data Landscape\ExactData\dbo._ST_ItemPricelist.Table.sql = Data Landscape\ExactData\dbo._ST_ItemPricelist.Table.sql
		Data Landscape\ExactData\dbo._ST_ItemPricelistHistory.Table.sql = Data Landscape\ExactData\dbo._ST_ItemPricelistHistory.Table.sql
		Data Landscape\ExactData\dbo._ST_ItemPricelistLog.Table.sql = Data Landscape\ExactData\dbo._ST_ItemPricelistLog.Table.sql
		Data Landscape\ExactData\dbo._ST_ItemPricelistVersions.Table.sql = Data Landscape\ExactData\dbo._ST_ItemPricelistVersions.Table.sql
		Data Landscape\ExactData\dbo._ST_LOGTransfer2022.Table.sql = Data Landscape\ExactData\dbo._ST_LOGTransfer2022.Table.sql
		Data Landscape\ExactData\dbo._ST_LOG_Invoice_VAT.Table.sql = Data Landscape\ExactData\dbo._ST_LOG_Invoice_VAT.Table.sql
		Data Landscape\ExactData\dbo._ST_Log_MoveWarehouse92.Table.sql = Data Landscape\ExactData\dbo._ST_Log_MoveWarehouse92.Table.sql
		Data Landscape\ExactData\dbo._st_log_transfer220217.Table.sql = Data Landscape\ExactData\dbo._st_log_transfer220217.Table.sql
		Data Landscape\ExactData\dbo._ST_PRD_Exact_Planned.View.sql = Data Landscape\ExactData\dbo._ST_PRD_Exact_Planned.View.sql
		Data Landscape\ExactData\dbo._ST_PRD_Exact_Planned_Open.View.sql = Data Landscape\ExactData\dbo._ST_PRD_Exact_Planned_Open.View.sql
		Data Landscape\ExactData\dbo._ST_PRD_Exact_Received.View.sql = Data Landscape\ExactData\dbo._ST_PRD_Exact_Received.View.sql
		Data Landscape\ExactData\dbo._ST_PRD_Exact_Received_Open.View.sql = Data Landscape\ExactData\dbo._ST_PRD_Exact_Received_Open.View.sql
		Data Landscape\ExactData\dbo._ST_PRD_Process_Cummulative.Table.sql = Data Landscape\ExactData\dbo._ST_PRD_Process_Cummulative.Table.sql
		Data Landscape\ExactData\dbo._ST_PRD_Prod_All.View.sql = Data Landscape\ExactData\dbo._ST_PRD_Prod_All.View.sql
		Data Landscape\ExactData\dbo._ST_PRD_Prod_Process.View.sql = Data Landscape\ExactData\dbo._ST_PRD_Prod_Process.View.sql
		Data Landscape\ExactData\dbo._ST_PRD_Prod_Ready.View.sql = Data Landscape\ExactData\dbo._ST_PRD_Prod_Ready.View.sql
		Data Landscape\ExactData\dbo._ST_PRD_Prod_Ready_Open.View.sql = Data Landscape\ExactData\dbo._ST_PRD_Prod_Ready_Open.View.sql
		Data Landscape\ExactData\dbo._ST_PRD_Prod_Reject.View.sql = Data Landscape\ExactData\dbo._ST_PRD_Prod_Reject.View.sql
		Data Landscape\ExactData\dbo._ST_PricelistUpdate211230.Table.sql = Data Landscape\ExactData\dbo._ST_PricelistUpdate211230.Table.sql
		Data Landscape\ExactData\dbo._ST_PriceUpdate23_AccountList.Table.sql = Data Landscape\ExactData\dbo._ST_PriceUpdate23_AccountList.Table.sql
		Data Landscape\ExactData\dbo._ST_PriceUpdate23_ExclAccounts.Table.sql = Data Landscape\ExactData\dbo._ST_PriceUpdate23_ExclAccounts.Table.sql
		Data Landscape\ExactData\dbo._ST_PriceUpdate23_PricelistList.Table.sql = Data Landscape\ExactData\dbo._ST_PriceUpdate23_PricelistList.Table.sql
		Data Landscape\ExactData\dbo._ST_PriceUpdate23_StafflBackup400.Table.sql = Data Landscape\ExactData\dbo._ST_PriceUpdate23_StafflBackup400.Table.sql
		Data Landscape\ExactData\dbo._ST_PriceUpdate23_StafflBackup483.Table.sql = Data Landscape\ExactData\dbo._ST_PriceUpdate23_StafflBackup483.Table.sql
		Data Landscape\ExactData\dbo._ST_PriceUpdate23_StafflBackup484.Table.sql = Data Landscape\ExactData\dbo._ST_PriceUpdate23_StafflBackup484.Table.sql
		Data Landscape\ExactData\dbo._ST_prod.Table.sql = Data Landscape\ExactData\dbo._ST_prod.Table.sql
		Data Landscape\ExactData\dbo._ST_Restore_ITRequestAttachments.Table.sql = Data Landscape\ExactData\dbo._ST_Restore_ITRequestAttachments.Table.sql
		Data Landscape\ExactData\dbo._ST_Restore_ITRequests.Table.sql = Data Landscape\ExactData\dbo._ST_Restore_ITRequests.Table.sql
		Data Landscape\ExactData\dbo._st_restore_wh30_stock.Table.sql = Data Landscape\ExactData\dbo._st_restore_wh30_stock.Table.sql
		Data Landscape\ExactData\dbo._ST_REV_DEBTOR.View.sql = Data Landscape\ExactData\dbo._ST_REV_DEBTOR.View.sql
		Data Landscape\ExactData\dbo._ST_SRI_Forecast_Accounts.Table.sql = Data Landscape\ExactData\dbo._ST_SRI_Forecast_Accounts.Table.sql
		Data Landscape\ExactData\dbo._ST_SRI_Forecast_Classification.Table.sql = Data Landscape\ExactData\dbo._ST_SRI_Forecast_Classification.Table.sql
		Data Landscape\ExactData\dbo._ST_SRI_Forecast_Employees.Table.sql = Data Landscape\ExactData\dbo._ST_SRI_Forecast_Employees.Table.sql
		Data Landscape\ExactData\dbo._ST_SRI_Forecast_Item_Class.Table.sql = Data Landscape\ExactData\dbo._ST_SRI_Forecast_Item_Class.Table.sql
		Data Landscape\ExactData\dbo._ST_SRI_Forecast_PricelistHeader.Table.sql = Data Landscape\ExactData\dbo._ST_SRI_Forecast_PricelistHeader.Table.sql
		Data Landscape\ExactData\dbo._ST_SRI_Forecast_PricelistRow.Table.sql = Data Landscape\ExactData\dbo._ST_SRI_Forecast_PricelistRow.Table.sql
		Data Landscape\ExactData\dbo._ST_SRI_Forecast_RevenueHistory.Table.sql = Data Landscape\ExactData\dbo._ST_SRI_Forecast_RevenueHistory.Table.sql
		Data Landscape\ExactData\dbo._ST_SRI_Forecast_status.Table.sql = Data Landscape\ExactData\dbo._ST_SRI_Forecast_status.Table.sql
		Data Landscape\ExactData\dbo._ST_SRI_Forecast_Year.Table.sql = Data Landscape\ExactData\dbo._ST_SRI_Forecast_Year.Table.sql
		Data Landscape\ExactData\dbo._ST_SS_WorkOrders.Table.sql = Data Landscape\ExactData\dbo._ST_SS_WorkOrders.Table.sql
		Data Landscape\ExactData\dbo._ST_SS_WO_Attachments.Table.sql = Data Landscape\ExactData\dbo._ST_SS_WO_Attachments.Table.sql
		Data Landscape\ExactData\dbo._ST_SS_WO_Planning.Table.sql = Data Landscape\ExactData\dbo._ST_SS_WO_Planning.Table.sql
		Data Landscape\ExactData\dbo._ST_Stock_Productcode_400.View.sql = Data Landscape\ExactData\dbo._ST_Stock_Productcode_400.View.sql
		Data Landscape\ExactData\dbo._ST_Stock_Productcode_484.View.sql = Data Landscape\ExactData\dbo._ST_Stock_Productcode_484.View.sql
		Data Landscape\ExactData\dbo._ST_Synergy_Contact_Import.Table.sql = Data Landscape\ExactData\dbo._ST_Synergy_Contact_Import.Table.sql
		Data Landscape\ExactData\dbo._ST_Synergy_Import.Table.sql = Data Landscape\ExactData\dbo._ST_Synergy_Import.Table.sql
		Data Landscape\ExactData\dbo._ST_SYNERGY_RELATIONTYPES_LOG.Table.sql = Data Landscape\ExactData\dbo._ST_SYNERGY_RELATIONTYPES_LOG.Table.sql
		Data Landscape\ExactData\dbo._ST_SY_Import_SalesItems.Table.sql = Data Landscape\ExactData\dbo._ST_SY_Import_SalesItems.Table.sql
		Data Landscape\ExactData\dbo._st_undo_vanreenen_receipt.Table.sql = Data Landscape\ExactData\dbo._st_undo_vanreenen_receipt.Table.sql
		Data Landscape\ExactData\dbo._ST_Update_DAFPrices_230202.Table.sql = Data Landscape\ExactData\dbo._ST_Update_DAFPrices_230202.Table.sql
		Data Landscape\ExactData\dbo._ST_UPS_POD.Table.sql = Data Landscape\ExactData\dbo._ST_UPS_POD.Table.sql
		Data Landscape\ExactData\dbo._ST_VW_400CrdOrdDat.View.sql = Data Landscape\ExactData\dbo._ST_VW_400CrdOrdDat.View.sql
		Data Landscape\ExactData\dbo._ST_VW_400DebOrdDat.View.sql = Data Landscape\ExactData\dbo._ST_VW_400DebOrdDat.View.sql
		Data Landscape\ExactData\dbo._ST_VW_482DebOrdDat.View.sql = Data Landscape\ExactData\dbo._ST_VW_482DebOrdDat.View.sql
		Data Landscape\ExactData\dbo._ST_VW_483CrdOrdDat.View.sql = Data Landscape\ExactData\dbo._ST_VW_483CrdOrdDat.View.sql
		Data Landscape\ExactData\dbo._ST_VW_483DebOrdDat.View.sql = Data Landscape\ExactData\dbo._ST_VW_483DebOrdDat.View.sql
		Data Landscape\ExactData\dbo._ST_VW_484CrdOrdDat.View.sql = Data Landscape\ExactData\dbo._ST_VW_484CrdOrdDat.View.sql
		Data Landscape\ExactData\dbo._ST_VW_484DebOrdDat.View.sql = Data Landscape\ExactData\dbo._ST_VW_484DebOrdDat.View.sql
		Data Landscape\ExactData\dbo._ST_VW_ACCOUNT_TYPE.View.sql = Data Landscape\ExactData\dbo._ST_VW_ACCOUNT_TYPE.View.sql
		Data Landscape\ExactData\dbo._ST_VW_CRDCODECHECK.View.sql = Data Landscape\ExactData\dbo._ST_VW_CRDCODECHECK.View.sql
		Data Landscape\ExactData\dbo._ST_VW_cteTally.View.sql = Data Landscape\ExactData\dbo._ST_VW_cteTally.View.sql
		Data Landscape\ExactData\dbo._ST_VW_CustomPricelist_400.View.sql = Data Landscape\ExactData\dbo._ST_VW_CustomPricelist_400.View.sql
		Data Landscape\ExactData\dbo._ST_VW_CustomPricelist_484.View.sql = Data Landscape\ExactData\dbo._ST_VW_CustomPricelist_484.View.sql
		Data Landscape\ExactData\dbo._ST_VW_DEBCODECHECK.View.sql = Data Landscape\ExactData\dbo._ST_VW_DEBCODECHECK.View.sql
		Data Landscape\ExactData\dbo._ST_VW_DIFFERENT_VATCODES.View.sql = Data Landscape\ExactData\dbo._ST_VW_DIFFERENT_VATCODES.View.sql
		Data Landscape\ExactData\dbo._ST_VW_EDI_CAT_ASNs.View.sql = Data Landscape\ExactData\dbo._ST_VW_EDI_CAT_ASNs.View.sql
		Data Landscape\ExactData\dbo._ST_VW_EDI_CAT_Invoices.View.sql = Data Landscape\ExactData\dbo._ST_VW_EDI_CAT_Invoices.View.sql
		Data Landscape\ExactData\dbo._ST_VW_ItemPricelist.View.sql = Data Landscape\ExactData\dbo._ST_VW_ItemPricelist.View.sql
		Data Landscape\ExactData\dbo._ST_VW_OpenOrders.View.sql = Data Landscape\ExactData\dbo._ST_VW_OpenOrders.View.sql
		Data Landscape\ExactData\dbo._ST_VW_PRICEDIFFERENCES_400_483.View.sql = Data Landscape\ExactData\dbo._ST_VW_PRICEDIFFERENCES_400_483.View.sql
		Data Landscape\ExactData\dbo._ST_VW_Prod_Order_Material.View.sql = Data Landscape\ExactData\dbo._ST_VW_Prod_Order_Material.View.sql
		Data Landscape\ExactData\dbo._ST_VW_Revenue.View.sql = Data Landscape\ExactData\dbo._ST_VW_Revenue.View.sql
		Data Landscape\ExactData\dbo._ST_VW_Rights_FunctionDescription.View.sql = Data Landscape\ExactData\dbo._ST_VW_Rights_FunctionDescription.View.sql
		Data Landscape\ExactData\dbo._ST_VW_Rights_RoleFunctions.View.sql = Data Landscape\ExactData\dbo._ST_VW_Rights_RoleFunctions.View.sql
		Data Landscape\ExactData\dbo._ST_VW_SYNERGY_RELATIONTYPES.View.sql = Data Landscape\ExactData\dbo._ST_VW_SYNERGY_RELATIONTYPES.View.sql
		Data Landscape\ExactData\dbo._ST_VW_Syn_CRD_STATE.View.sql = Data Landscape\ExactData\dbo._ST_VW_Syn_CRD_STATE.View.sql
		Data Landscape\ExactData\dbo._ST_VW_USAPriceDifference.View.sql = Data Landscape\ExactData\dbo._ST_VW_USAPriceDifference.View.sql
		Data Landscape\ExactData\dbo._ST_VW_WorkFromHomeDeclarations.View.sql = Data Landscape\ExactData\dbo._ST_VW_WorkFromHomeDeclarations.View.sql
		Data Landscape\ExactData\dbo._ST_VW_YearDates.View.sql = Data Landscape\ExactData\dbo._ST_VW_YearDates.View.sql
		Data Landscape\ExactData\dbo._Update_Liebherr_20220330.Table.sql = Data Landscape\ExactData\dbo._Update_Liebherr_20220330.Table.sql
		Data Landscape\ExactData\dbo._Update_SCANIA_010_20220330.Table.sql = Data Landscape\ExactData\dbo._Update_SCANIA_010_20220330.Table.sql
		Data Landscape\ExactData\dbo._Update_WIRTGEN_20220330.Table.sql = Data Landscape\ExactData\dbo._Update_WIRTGEN_20220330.Table.sql
	EndProjectSection
EndProject
Project("{2150E333-8FDC-42A3-9474-1A3956D46DE8}") = "ABSC_Data DB Scripts", "ABSC_Data DB Scripts", "{4A047FC0-714C-4B63-B0FE-7487C6DC2385}"
	ProjectSection(SolutionItems) = preProject
		Data Landscape\ABSC_Data\dbo.f_BinaryToBase64.UserDefinedFunction.sql = Data Landscape\ABSC_Data\dbo.f_BinaryToBase64.UserDefinedFunction.sql
		Data Landscape\ABSC_Data\dbo.test.Table.sql = Data Landscape\ABSC_Data\dbo.test.Table.sql
		Data Landscape\ABSC_Data\dbo.VodafoneAssetsNovember.Table.sql = Data Landscape\ABSC_Data\dbo.VodafoneAssetsNovember.Table.sql
		Data Landscape\ABSC_Data\dbo._AB_fn_DelimitedSplit8K.UserDefinedFunction.sql = Data Landscape\ABSC_Data\dbo._AB_fn_DelimitedSplit8K.UserDefinedFunction.sql
		Data Landscape\ABSC_Data\dbo._AB_GerProd_proces_backup.Table.sql = Data Landscape\ABSC_Data\dbo._AB_GerProd_proces_backup.Table.sql
		Data Landscape\ABSC_Data\dbo._AB_LOG_SOX_InvoicePrices_History.Table.sql = Data Landscape\ABSC_Data\dbo._AB_LOG_SOX_InvoicePrices_History.Table.sql
		Data Landscape\ABSC_Data\dbo._AB_sp_490_Activa_Afschrijvingen.StoredProcedure.sql = Data Landscape\ABSC_Data\dbo._AB_sp_490_Activa_Afschrijvingen.StoredProcedure.sql
		Data Landscape\ABSC_Data\dbo._AB_sp_EXCEL_import_Inleenuren_Save.StoredProcedure.sql = Data Landscape\ABSC_Data\dbo._AB_sp_EXCEL_import_Inleenuren_Save.StoredProcedure.sql
		Data Landscape\ABSC_Data\dbo._AB_sp_EXCEL_import_Mobile_Save.StoredProcedure.sql = Data Landscape\ABSC_Data\dbo._AB_sp_EXCEL_import_Mobile_Save.StoredProcedure.sql
		Data Landscape\ABSC_Data\dbo._AB_sp_ExtendedWarranty_100.StoredProcedure.sql = Data Landscape\ABSC_Data\dbo._AB_sp_ExtendedWarranty_100.StoredProcedure.sql
		Data Landscape\ABSC_Data\dbo._AB_sp_ExtendedWarranty_400.StoredProcedure.sql = Data Landscape\ABSC_Data\dbo._AB_sp_ExtendedWarranty_400.StoredProcedure.sql
		Data Landscape\ABSC_Data\dbo._AB_sp_ExtendedWarranty_400_OLD.StoredProcedure.sql = Data Landscape\ABSC_Data\dbo._AB_sp_ExtendedWarranty_400_OLD.StoredProcedure.sql
		Data Landscape\ABSC_Data\dbo._AB_sp_ExtendedWarranty_483.StoredProcedure.sql = Data Landscape\ABSC_Data\dbo._AB_sp_ExtendedWarranty_483.StoredProcedure.sql
		Data Landscape\ABSC_Data\dbo._AB_sp_ExtendedWarranty_484.StoredProcedure.sql = Data Landscape\ABSC_Data\dbo._AB_sp_ExtendedWarranty_484.StoredProcedure.sql
		Data Landscape\ABSC_Data\dbo._AB_sp_Fin_set_data.StoredProcedure.sql = Data Landscape\ABSC_Data\dbo._AB_sp_Fin_set_data.StoredProcedure.sql
		Data Landscape\ABSC_Data\dbo._AB_sp_Fin_set_data_mobile.StoredProcedure.sql = Data Landscape\ABSC_Data\dbo._AB_sp_Fin_set_data_mobile.StoredProcedure.sql
		Data Landscape\ABSC_Data\dbo._AB_sp_Profile_save_BOM_create.StoredProcedure.sql = Data Landscape\ABSC_Data\dbo._AB_sp_Profile_save_BOM_create.StoredProcedure.sql
		Data Landscape\ABSC_Data\dbo._AB_sp_Profile_save_BOM_delete.StoredProcedure.sql = Data Landscape\ABSC_Data\dbo._AB_sp_Profile_save_BOM_delete.StoredProcedure.sql
		Data Landscape\ABSC_Data\dbo._AB_sp_Profile_save_BOM_update.StoredProcedure.sql = Data Landscape\ABSC_Data\dbo._AB_sp_Profile_save_BOM_update.StoredProcedure.sql
		Data Landscape\ABSC_Data\dbo._AB_sp_Transfers_CheckUSData.StoredProcedure.sql = Data Landscape\ABSC_Data\dbo._AB_sp_Transfers_CheckUSData.StoredProcedure.sql
		Data Landscape\ABSC_Data\dbo._AB_sy_absences.Synonym.sql = Data Landscape\ABSC_Data\dbo._AB_sy_absences.Synonym.sql
		Data Landscape\ABSC_Data\dbo._AB_sy_addresses.Synonym.sql = Data Landscape\ABSC_Data\dbo._AB_sy_addresses.Synonym.sql
		Data Landscape\ABSC_Data\dbo._AB_sy_amutak.Synonym.sql = Data Landscape\ABSC_Data\dbo._AB_sy_amutak.Synonym.sql
		Data Landscape\ABSC_Data\dbo._AB_sy_amutas.Synonym.sql = Data Landscape\ABSC_Data\dbo._AB_sy_amutas.Synonym.sql
		Data Landscape\ABSC_Data\dbo._AB_sy_cicmpy.Synonym.sql = Data Landscape\ABSC_Data\dbo._AB_sy_cicmpy.Synonym.sql
		Data Landscape\ABSC_Data\dbo._AB_sy_cicntp.Synonym.sql = Data Landscape\ABSC_Data\dbo._AB_sy_cicntp.Synonym.sql
		Data Landscape\ABSC_Data\dbo._AB_sy_DE_cicmpy.Synonym.sql = Data Landscape\ABSC_Data\dbo._AB_sy_DE_cicmpy.Synonym.sql
		Data Landscape\ABSC_Data\dbo._AB_sy_DE_cicntp.Synonym.sql = Data Landscape\ABSC_Data\dbo._AB_sy_DE_cicntp.Synonym.sql
		Data Landscape\ABSC_Data\dbo._AB_sy_ESE_Addresses.Synonym.sql = Data Landscape\ABSC_Data\dbo._AB_sy_ESE_Addresses.Synonym.sql
		Data Landscape\ABSC_Data\dbo._AB_sy_ESE_cicmpy.Synonym.sql = Data Landscape\ABSC_Data\dbo._AB_sy_ESE_cicmpy.Synonym.sql
		Data Landscape\ABSC_Data\dbo._AB_sy_ESE_cicntp.Synonym.sql = Data Landscape\ABSC_Data\dbo._AB_sy_ESE_cicntp.Synonym.sql
		Data Landscape\ABSC_Data\dbo._AB_sy_ESE_DivisionCreditors.Synonym.sql = Data Landscape\ABSC_Data\dbo._AB_sy_ESE_DivisionCreditors.Synonym.sql
		Data Landscape\ABSC_Data\dbo._AB_sy_ESE_DivisionDebtors.Synonym.sql = Data Landscape\ABSC_Data\dbo._AB_sy_ESE_DivisionDebtors.Synonym.sql
		Data Landscape\ABSC_Data\dbo._AB_sy_ESE_humres.Synonym.sql = Data Landscape\ABSC_Data\dbo._AB_sy_ESE_humres.Synonym.sql
		Data Landscape\ABSC_Data\dbo._AB_sy_ESE_Items.Synonym.sql = Data Landscape\ABSC_Data\dbo._AB_sy_ESE_Items.Synonym.sql
		Data Landscape\ABSC_Data\dbo._AB_sy_ESE_Land.Synonym.sql = Data Landscape\ABSC_Data\dbo._AB_sy_ESE_Land.Synonym.sql
		Data Landscape\ABSC_Data\dbo._AB_sy_frhkrg.Synonym.sql = Data Landscape\ABSC_Data\dbo._AB_sy_frhkrg.Synonym.sql
		Data Landscape\ABSC_Data\dbo._AB_sy_frhsrg.Synonym.sql = Data Landscape\ABSC_Data\dbo._AB_sy_frhsrg.Synonym.sql
		Data Landscape\ABSC_Data\dbo._AB_sy_frkrg.Synonym.sql = Data Landscape\ABSC_Data\dbo._AB_sy_frkrg.Synonym.sql
		Data Landscape\ABSC_Data\dbo._AB_sy_frsrg.Synonym.sql = Data Landscape\ABSC_Data\dbo._AB_sy_frsrg.Synonym.sql
		Data Landscape\ABSC_Data\dbo._AB_sy_gbkmut.Synonym.sql = Data Landscape\ABSC_Data\dbo._AB_sy_gbkmut.Synonym.sql
		Data Landscape\ABSC_Data\dbo._AB_sy_grtbk.Synonym.sql = Data Landscape\ABSC_Data\dbo._AB_sy_grtbk.Synonym.sql
		Data Landscape\ABSC_Data\dbo._AB_sy_ItemNumbers.Synonym.sql = Data Landscape\ABSC_Data\dbo._AB_sy_ItemNumbers.Synonym.sql
		Data Landscape\ABSC_Data\dbo._AB_sy_Items.Synonym.sql = Data Landscape\ABSC_Data\dbo._AB_sy_Items.Synonym.sql
		Data Landscape\ABSC_Data\dbo._AB_sy_orkrg.Synonym.sql = Data Landscape\ABSC_Data\dbo._AB_sy_orkrg.Synonym.sql
		Data Landscape\ABSC_Data\dbo._AB_sy_orsrg.Synonym.sql = Data Landscape\ABSC_Data\dbo._AB_sy_orsrg.Synonym.sql
		Data Landscape\ABSC_Data\dbo._AB_sy_PROD_GerProd_Process.Synonym.sql = Data Landscape\ABSC_Data\dbo._AB_sy_PROD_GerProd_Process.Synonym.sql
		Data Landscape\ABSC_Data\dbo._AB_sy_PRO_GetFormattedRevision.Synonym.sql = Data Landscape\ABSC_Data\dbo._AB_sy_PRO_GetFormattedRevision.Synonym.sql
		Data Landscape\ABSC_Data\dbo._AB_sy_PRO_GetFormattedVersion.Synonym.sql = Data Landscape\ABSC_Data\dbo._AB_sy_PRO_GetFormattedVersion.Synonym.sql
		Data Landscape\ABSC_Data\dbo._AB_sy_PRO_NFSTAMM.Synonym.sql = Data Landscape\ABSC_Data\dbo._AB_sy_PRO_NFSTAMM.Synonym.sql
		Data Landscape\ABSC_Data\dbo._AB_sy_PRO_TEILLIST.Synonym.sql = Data Landscape\ABSC_Data\dbo._AB_sy_PRO_TEILLIST.Synonym.sql
		Data Landscape\ABSC_Data\dbo._AB_sy_PrProject.Synonym.sql = Data Landscape\ABSC_Data\dbo._AB_sy_PrProject.Synonym.sql
		Data Landscape\ABSC_Data\dbo._AB_sy_recipe.Synonym.sql = Data Landscape\ABSC_Data\dbo._AB_sy_recipe.Synonym.sql
		Data Landscape\ABSC_Data\dbo._AB_sy_staffl.Synonym.sql = Data Landscape\ABSC_Data\dbo._AB_sy_staffl.Synonym.sql
		Data Landscape\ABSC_Data\dbo._AB_sy_US_ArticlePriceRates.Synonym.sql = Data Landscape\ABSC_Data\dbo._AB_sy_US_ArticlePriceRates.Synonym.sql
		Data Landscape\ABSC_Data\dbo._AB_sy_US_cicmpy.Synonym.sql = Data Landscape\ABSC_Data\dbo._AB_sy_US_cicmpy.Synonym.sql
		Data Landscape\ABSC_Data\dbo._AB_sy_US_cicntp.Synonym.sql = Data Landscape\ABSC_Data\dbo._AB_sy_US_cicntp.Synonym.sql
		Data Landscape\ABSC_Data\dbo._AB_sy_US_gbkmut.Synonym.sql = Data Landscape\ABSC_Data\dbo._AB_sy_US_gbkmut.Synonym.sql
		Data Landscape\ABSC_Data\dbo._AB_sy_US_ItemAccounts.Synonym.sql = Data Landscape\ABSC_Data\dbo._AB_sy_US_ItemAccounts.Synonym.sql
		Data Landscape\ABSC_Data\dbo._AB_sy_US_ItemNumbers.Synonym.sql = Data Landscape\ABSC_Data\dbo._AB_sy_US_ItemNumbers.Synonym.sql
		Data Landscape\ABSC_Data\dbo._AB_sy_US_Items.Synonym.sql = Data Landscape\ABSC_Data\dbo._AB_sy_US_Items.Synonym.sql
		Data Landscape\ABSC_Data\dbo._AB_sy_US_orkrg.Synonym.sql = Data Landscape\ABSC_Data\dbo._AB_sy_US_orkrg.Synonym.sql
		Data Landscape\ABSC_Data\dbo._AB_sy_US_orsrg.Synonym.sql = Data Landscape\ABSC_Data\dbo._AB_sy_US_orsrg.Synonym.sql
		Data Landscape\ABSC_Data\dbo._AB_sy_US_Rates.Synonym.sql = Data Landscape\ABSC_Data\dbo._AB_sy_US_Rates.Synonym.sql
		Data Landscape\ABSC_Data\dbo._AB_sy_US_valuta.Synonym.sql = Data Landscape\ABSC_Data\dbo._AB_sy_US_valuta.Synonym.sql
		Data Landscape\ABSC_Data\dbo._AB_sy_voorrd.Synonym.sql = Data Landscape\ABSC_Data\dbo._AB_sy_voorrd.Synonym.sql
		Data Landscape\ABSC_Data\dbo._AB_tb_ABEI_BCA_Prospects.Table.sql = Data Landscape\ABSC_Data\dbo._AB_tb_ABEI_BCA_Prospects.Table.sql
		Data Landscape\ABSC_Data\dbo._AB_tb_ABEI_FileFolder_List.Table.sql = Data Landscape\ABSC_Data\dbo._AB_tb_ABEI_FileFolder_List.Table.sql
		Data Landscape\ABSC_Data\dbo._AB_tb_ABEI_Invoice_Sync.Table.sql = Data Landscape\ABSC_Data\dbo._AB_tb_ABEI_Invoice_Sync.Table.sql
		Data Landscape\ABSC_Data\dbo._AB_tb_ABEI_OrderPriceUpdate.Table.sql = Data Landscape\ABSC_Data\dbo._AB_tb_ABEI_OrderPriceUpdate.Table.sql
		Data Landscape\ABSC_Data\dbo._AB_tb_ABEI_Order_Sync.Table.sql = Data Landscape\ABSC_Data\dbo._AB_tb_ABEI_Order_Sync.Table.sql
		Data Landscape\ABSC_Data\dbo._AB_tb_ABEI_ProfileUpdateItemsBoms.Table.sql = Data Landscape\ABSC_Data\dbo._AB_tb_ABEI_ProfileUpdateItemsBoms.Table.sql
		Data Landscape\ABSC_Data\dbo._AB_tb_AdhocImportBaselinePricesRapportPurchase.Table.sql = Data Landscape\ABSC_Data\dbo._AB_tb_AdhocImportBaselinePricesRapportPurchase.Table.sql
		Data Landscape\ABSC_Data\dbo._AB_tb_AIBLPP_backup_20200128.Table.sql = Data Landscape\ABSC_Data\dbo._AB_tb_AIBLPP_backup_20200128.Table.sql
		Data Landscape\ABSC_Data\dbo._AB_tb_Backup_MainContact.Table.sql = Data Landscape\ABSC_Data\dbo._AB_tb_Backup_MainContact.Table.sql
		Data Landscape\ABSC_Data\dbo._AB_tb_BD_Backup_191204.Table.sql = Data Landscape\ABSC_Data\dbo._AB_tb_BD_Backup_191204.Table.sql
		Data Landscape\ABSC_Data\dbo._AB_tb_EXCEL_import_Inleenuren.Table.sql = Data Landscape\ABSC_Data\dbo._AB_tb_EXCEL_import_Inleenuren.Table.sql
		Data Landscape\ABSC_Data\dbo._AB_tb_EXCEL_import_Mobile.Table.sql = Data Landscape\ABSC_Data\dbo._AB_tb_EXCEL_import_Mobile.Table.sql
		Data Landscape\ABSC_Data\dbo._AB_tb_ExtendedWarranty_ItemNumbers.Table.sql = Data Landscape\ABSC_Data\dbo._AB_tb_ExtendedWarranty_ItemNumbers.Table.sql
		Data Landscape\ABSC_Data\dbo._AB_tb_ExtendedWarranty_ItemNumbers_backup.Table.sql = Data Landscape\ABSC_Data\dbo._AB_tb_ExtendedWarranty_ItemNumbers_backup.Table.sql
		Data Landscape\ABSC_Data\dbo._AB_tb_Fin_Data.Table.sql = Data Landscape\ABSC_Data\dbo._AB_tb_Fin_Data.Table.sql
		Data Landscape\ABSC_Data\dbo._AB_tb_IFR_History.Table.sql = Data Landscape\ABSC_Data\dbo._AB_tb_IFR_History.Table.sql
		Data Landscape\ABSC_Data\dbo._AB_tb_LockInfo.Table.sql = Data Landscape\ABSC_Data\dbo._AB_tb_LockInfo.Table.sql
		Data Landscape\ABSC_Data\dbo._AB_tb_PROD_GerProd_process.Table.sql = Data Landscape\ABSC_Data\dbo._AB_tb_PROD_GerProd_process.Table.sql
		Data Landscape\ABSC_Data\dbo._AB_tb_Profile_BOM_header.Table.sql = Data Landscape\ABSC_Data\dbo._AB_tb_Profile_BOM_header.Table.sql
		Data Landscape\ABSC_Data\dbo._AB_tb_Profile_BOM_lines.Table.sql = Data Landscape\ABSC_Data\dbo._AB_tb_Profile_BOM_lines.Table.sql
		Data Landscape\ABSC_Data\dbo._AB_tb_Profile_error_log.Table.sql = Data Landscape\ABSC_Data\dbo._AB_tb_Profile_error_log.Table.sql
		Data Landscape\ABSC_Data\dbo._AB_tb_Profile_log.Table.sql = Data Landscape\ABSC_Data\dbo._AB_tb_Profile_log.Table.sql
		Data Landscape\ABSC_Data\dbo._AB_tb_recipe_Backup_211019.Table.sql = Data Landscape\ABSC_Data\dbo._AB_tb_recipe_Backup_211019.Table.sql
		Data Landscape\ABSC_Data\dbo._AB_tb_TransfersAbsenceIdReg.Table.sql = Data Landscape\ABSC_Data\dbo._AB_tb_TransfersAbsenceIdReg.Table.sql
		Data Landscape\ABSC_Data\dbo._AB_tb_TransfersOrders.Table.sql = Data Landscape\ABSC_Data\dbo._AB_tb_TransfersOrders.Table.sql
		Data Landscape\ABSC_Data\dbo._AB_tb_VanReenen_WarehouseReceipt.Table.sql = Data Landscape\ABSC_Data\dbo._AB_tb_VanReenen_WarehouseReceipt.Table.sql
		Data Landscape\ABSC_Data\dbo._AB_tb_VanReenen_WarehouseShipment.Table.sql = Data Landscape\ABSC_Data\dbo._AB_tb_VanReenen_WarehouseShipment.Table.sql
		Data Landscape\ABSC_Data\dbo._AB_tb_VRExportDocuments.Table.sql = Data Landscape\ABSC_Data\dbo._AB_tb_VRExportDocuments.Table.sql
		Data Landscape\ABSC_Data\dbo._AB_tb_VRSalesOrders.Table.sql = Data Landscape\ABSC_Data\dbo._AB_tb_VRSalesOrders.Table.sql
		Data Landscape\ABSC_Data\dbo._AB_tb_VRTransferInterBranchGroup.Table.sql = Data Landscape\ABSC_Data\dbo._AB_tb_VRTransferInterBranchGroup.Table.sql
		Data Landscape\ABSC_Data\dbo._AB_tb_VRTransferInterBranchGroupRows.Table.sql = Data Landscape\ABSC_Data\dbo._AB_tb_VRTransferInterBranchGroupRows.Table.sql
		Data Landscape\ABSC_Data\dbo._AB_tb_VRTransfersAbsenceIdReg.Table.sql = Data Landscape\ABSC_Data\dbo._AB_tb_VRTransfersAbsenceIdReg.Table.sql
		Data Landscape\ABSC_Data\dbo._AB_tb_VRTransfersInterbranchReg.Table.sql = Data Landscape\ABSC_Data\dbo._AB_tb_VRTransfersInterbranchReg.Table.sql
		Data Landscape\ABSC_Data\dbo._AB_tb_VRTransfersOrders.Table.sql = Data Landscape\ABSC_Data\dbo._AB_tb_VRTransfersOrders.Table.sql
		Data Landscape\ABSC_Data\dbo._AB_tmp_PrijslijstExcel_MagWegNa20180831.Table.sql = Data Landscape\ABSC_Data\dbo._AB_tmp_PrijslijstExcel_MagWegNa20180831.Table.sql
		Data Landscape\ABSC_Data\dbo._AB_trace.Table.sql = Data Landscape\ABSC_Data\dbo._AB_trace.Table.sql
		Data Landscape\ABSC_Data\dbo._AB_vw_ABEI_BCA_Prospect_Create.View.sql = Data Landscape\ABSC_Data\dbo._AB_vw_ABEI_BCA_Prospect_Create.View.sql
		Data Landscape\ABSC_Data\dbo._AB_vw_ABEI_BCA_Request_Create.View.sql = Data Landscape\ABSC_Data\dbo._AB_vw_ABEI_BCA_Request_Create.View.sql
		Data Landscape\ABSC_Data\dbo._AB_vw_DetailPacklist_TransferProduction.View.sql = Data Landscape\ABSC_Data\dbo._AB_vw_DetailPacklist_TransferProduction.View.sql
		Data Landscape\ABSC_Data\dbo._AB_vw_EG_Sync_Items.View.sql = Data Landscape\ABSC_Data\dbo._AB_vw_EG_Sync_Items.View.sql
		Data Landscape\ABSC_Data\dbo._AB_vw_ESE_Sync_Addresses.View.sql = Data Landscape\ABSC_Data\dbo._AB_vw_ESE_Sync_Addresses.View.sql
		Data Landscape\ABSC_Data\dbo._AB_vw_ESE_Sync_Addresses_400.View.sql = Data Landscape\ABSC_Data\dbo._AB_vw_ESE_Sync_Addresses_400.View.sql
		Data Landscape\ABSC_Data\dbo._AB_vw_ESE_Sync_Addresses_Creditors.View.sql = Data Landscape\ABSC_Data\dbo._AB_vw_ESE_Sync_Addresses_Creditors.View.sql
		Data Landscape\ABSC_Data\dbo._AB_vw_ESE_Sync_ContactPerson.View.sql = Data Landscape\ABSC_Data\dbo._AB_vw_ESE_Sync_ContactPerson.View.sql
		Data Landscape\ABSC_Data\dbo._AB_vw_ESE_Sync_ContactPerson_400.View.sql = Data Landscape\ABSC_Data\dbo._AB_vw_ESE_Sync_ContactPerson_400.View.sql
		Data Landscape\ABSC_Data\dbo._AB_vw_ESE_Sync_ContactPerson_Creditors.View.sql = Data Landscape\ABSC_Data\dbo._AB_vw_ESE_Sync_ContactPerson_Creditors.View.sql
		Data Landscape\ABSC_Data\dbo._AB_vw_ESE_Sync_Creditors.View.sql = Data Landscape\ABSC_Data\dbo._AB_vw_ESE_Sync_Creditors.View.sql
		Data Landscape\ABSC_Data\dbo._AB_vw_ESE_Sync_Debtors.View.sql = Data Landscape\ABSC_Data\dbo._AB_vw_ESE_Sync_Debtors.View.sql
		Data Landscape\ABSC_Data\dbo._AB_vw_ESE_Sync_Items_Export.View.sql = Data Landscape\ABSC_Data\dbo._AB_vw_ESE_Sync_Items_Export.View.sql
		Data Landscape\ABSC_Data\dbo._AB_vw_SOX_InvoicePrices.View.sql = Data Landscape\ABSC_Data\dbo._AB_vw_SOX_InvoicePrices.View.sql
		Data Landscape\ABSC_Data\dbo._AB_vw_SOX_InvoicePrices_History.View.sql = Data Landscape\ABSC_Data\dbo._AB_vw_SOX_InvoicePrices_History.View.sql
		Data Landscape\ABSC_Data\dbo._AB_XML_Costprices_400_last_executed.Table.sql = Data Landscape\ABSC_Data\dbo._AB_XML_Costprices_400_last_executed.Table.sql
	EndProjectSection
EndProject
Project("{2150E333-8FDC-42A3-9474-1A3956D46DE8}") = "ProdGlobe_live DB Scripts", "ProdGlobe_live DB Scripts", "{33F14628-3E26-4A9B-8A22-31CECE77D0BC}"
	ProjectSection(SolutionItems) = preProject
		Data Landscape\ProdGlobe_live\dbo.GereedmeldingProductie.View.sql = Data Landscape\ProdGlobe_live\dbo.GereedmeldingProductie.View.sql
		Data Landscape\ProdGlobe_live\dbo.GerProd.Table.sql = Data Landscape\ProdGlobe_live\dbo.GerProd.Table.sql
		Data Landscape\ProdGlobe_live\dbo.GerProd_rework.Table.sql = Data Landscape\ProdGlobe_live\dbo.GerProd_rework.Table.sql
		Data Landscape\ProdGlobe_live\dbo.ReworkProcess.Table.sql = Data Landscape\ProdGlobe_live\dbo.ReworkProcess.Table.sql
		Data Landscape\ProdGlobe_live\dbo.TblScanner.Table.sql = Data Landscape\ProdGlobe_live\dbo.TblScanner.Table.sql
		Data Landscape\ProdGlobe_live\dbo.Vrije_velden_artikelen.View.sql = Data Landscape\ProdGlobe_live\dbo.Vrije_velden_artikelen.View.sql
		Data Landscape\ProdGlobe_live\dbo._AB_Create_GerProd_XML.StoredProcedure.sql = Data Landscape\ProdGlobe_live\dbo._AB_Create_GerProd_XML.StoredProcedure.sql
		Data Landscape\ProdGlobe_live\dbo._AB_Create_Interfiliaal_XML.StoredProcedure.sql = Data Landscape\ProdGlobe_live\dbo._AB_Create_Interfiliaal_XML.StoredProcedure.sql
		Data Landscape\ProdGlobe_live\dbo._AB_End_not_responding_job_Interfiliaal.StoredProcedure.sql = Data Landscape\ProdGlobe_live\dbo._AB_End_not_responding_job_Interfiliaal.StoredProcedure.sql
		Data Landscape\ProdGlobe_live\dbo._AB_End_not_responding_job_ProdGer.StoredProcedure.sql = Data Landscape\ProdGlobe_live\dbo._AB_End_not_responding_job_ProdGer.StoredProcedure.sql
		Data Landscape\ProdGlobe_live\dbo._AB_Gereedmeldingen_Globe.View.sql = Data Landscape\ProdGlobe_live\dbo._AB_Gereedmeldingen_Globe.View.sql
		Data Landscape\ProdGlobe_live\dbo._AB_GerProd_proces.Table.sql = Data Landscape\ProdGlobe_live\dbo._AB_GerProd_proces.Table.sql
		Data Landscape\ProdGlobe_live\dbo._AB_GerProd_proces_TESTAB.Table.sql = Data Landscape\ProdGlobe_live\dbo._AB_GerProd_proces_TESTAB.Table.sql
		Data Landscape\ProdGlobe_live\dbo._AB_Gerprod_Receiptless.Table.sql = Data Landscape\ProdGlobe_live\dbo._AB_Gerprod_Receiptless.Table.sql
		Data Landscape\ProdGlobe_live\dbo._AB_Ger_Prod_check.View.sql = Data Landscape\ProdGlobe_live\dbo._AB_Ger_Prod_check.View.sql
		Data Landscape\ProdGlobe_live\dbo._AB_Interfiliaal_check.View.sql = Data Landscape\ProdGlobe_live\dbo._AB_Interfiliaal_check.View.sql
		Data Landscape\ProdGlobe_live\dbo._AB_Interfiliaal_Globe.View.sql = Data Landscape\ProdGlobe_live\dbo._AB_Interfiliaal_Globe.View.sql
		Data Landscape\ProdGlobe_live\dbo._AB_Interfiliaal_proces.Table.sql = Data Landscape\ProdGlobe_live\dbo._AB_Interfiliaal_proces.Table.sql
		Data Landscape\ProdGlobe_live\dbo._AB_Leverdatum_Serienummers.View.sql = Data Landscape\ProdGlobe_live\dbo._AB_Leverdatum_Serienummers.View.sql
		Data Landscape\ProdGlobe_live\dbo._AB_Leverdatum_Serienummers_old.View.sql = Data Landscape\ProdGlobe_live\dbo._AB_Leverdatum_Serienummers_old.View.sql
		Data Landscape\ProdGlobe_live\dbo._AB_prkrg.View.sql = Data Landscape\ProdGlobe_live\dbo._AB_prkrg.View.sql
		Data Landscape\ProdGlobe_live\dbo._AB_Rework_interfiliaal.View.sql = Data Landscape\ProdGlobe_live\dbo._AB_Rework_interfiliaal.View.sql
		Data Landscape\ProdGlobe_live\dbo._AB_SentMail_FailedImports_Interfiliaal.StoredProcedure.sql = Data Landscape\ProdGlobe_live\dbo._AB_SentMail_FailedImports_Interfiliaal.StoredProcedure.sql
		Data Landscape\ProdGlobe_live\dbo._AB_SentMail_FailedImports_ProdGer.StoredProcedure.sql = Data Landscape\ProdGlobe_live\dbo._AB_SentMail_FailedImports_ProdGer.StoredProcedure.sql
		Data Landscape\ProdGlobe_live\dbo._AB_sp_New_interf_2_table.StoredProcedure.sql = Data Landscape\ProdGlobe_live\dbo._AB_sp_New_interf_2_table.StoredProcedure.sql
		Data Landscape\ProdGlobe_live\dbo._AB_sp_New_prod_2_table.StoredProcedure.sql = Data Landscape\ProdGlobe_live\dbo._AB_sp_New_prod_2_table.StoredProcedure.sql
		Data Landscape\ProdGlobe_live\dbo._AB_sp_ReplaceFileOrDirNames.StoredProcedure.sql = Data Landscape\ProdGlobe_live\dbo._AB_sp_ReplaceFileOrDirNames.StoredProcedure.sql
		Data Landscape\ProdGlobe_live\dbo._AB_sp_Report_Status_Interfiliaal.StoredProcedure.sql = Data Landscape\ProdGlobe_live\dbo._AB_sp_Report_Status_Interfiliaal.StoredProcedure.sql
		Data Landscape\ProdGlobe_live\dbo._AB_sp_Report_Status_Prod.StoredProcedure.sql = Data Landscape\ProdGlobe_live\dbo._AB_sp_Report_Status_Prod.StoredProcedure.sql
		Data Landscape\ProdGlobe_live\dbo._AB_Voorraad_Productcode.View.sql = Data Landscape\ProdGlobe_live\dbo._AB_Voorraad_Productcode.View.sql
		Data Landscape\ProdGlobe_live\dbo._Laatst_uitgevoerd.View.sql = Data Landscape\ProdGlobe_live\dbo._Laatst_uitgevoerd.View.sql
		Data Landscape\ProdGlobe_live\dbo._ORL_ProfileBom.View.sql = Data Landscape\ProdGlobe_live\dbo._ORL_ProfileBom.View.sql
		Data Landscape\ProdGlobe_live\dbo._ORL_ProfileBomDetail.View.sql = Data Landscape\ProdGlobe_live\dbo._ORL_ProfileBomDetail.View.sql
		Data Landscape\ProdGlobe_live\dbo._ORL_Serialnumbers.View.sql = Data Landscape\ProdGlobe_live\dbo._ORL_Serialnumbers.View.sql
		Data Landscape\ProdGlobe_live\dbo._ST_PRD_Process_Cummulative.Table.sql = Data Landscape\ProdGlobe_live\dbo._ST_PRD_Process_Cummulative.Table.sql
	EndProjectSection
EndProject
Project("{2150E333-8FDC-42A3-9474-1A3956D46DE8}") = "ABEI Production Jobs", "ABEI Production Jobs", "{924237AD-360C-4FCD-BCCD-0E5E7C45C1EC}"
	ProjectSection(SolutionItems) = preProject
		Data Landscape\ABEI Connections.csv = Data Landscape\ABEI Connections.csv
	EndProjectSection
EndProject
Project("{2150E333-8FDC-42A3-9474-1A3956D46DE8}") = "0. Default Group", "0. Default Group", "{A913CAB4-E71B-4B5B-9BC4-CFA6CFC6830D}"
	ProjectSection(SolutionItems) = preProject
		ABEI Production Jobs\ABEI\0. Default group\ABEI_Job_! EG ; Opschonen dubbele budgetregels inkoop.xml = ABEI Production Jobs\ABEI\0. Default group\ABEI_Job_! EG ; Opschonen dubbele budgetregels inkoop.xml
		ABEI Production Jobs\ABEI\0. Default group\ABEI_Job_! EG; Productieorder gereedmelden en rework.xml = ABEI Production Jobs\ABEI\0. Default group\ABEI_Job_! EG; Productieorder gereedmelden en rework.xml
		ABEI Production Jobs\ABEI\0. Default group\ABEI_Job_! EG; Rework Process to warehouse 1.xml = ABEI Production Jobs\ABEI\0. Default group\ABEI_Job_! EG; Rework Process to warehouse 1.xml
		ABEI Production Jobs\ABEI\0. Default group\ABEI_Job_00.1 _ EG; Production order auto_complete.xml = ABEI Production Jobs\ABEI\0. Default group\ABEI_Job_00.1 _ EG; Production order auto_complete.xml
		ABEI Production Jobs\ABEI\0. Default group\ABEI_Job_TEST_! EG; Productieorder gereedmelden en rework.xml = ABEI Production Jobs\ABEI\0. Default group\ABEI_Job_TEST_! EG; Productieorder gereedmelden en rework.xml
	EndProjectSection
EndProject
Project("{2150E333-8FDC-42A3-9474-1A3956D46DE8}") = "1. Orders and warranty", "1. Orders and warranty", "{446F81EA-D481-4C90-A711-0EC45D3CA415}"
	ProjectSection(SolutionItems) = preProject
		ABEI Production Jobs\ABEI\1. Orders and warranty\ABEI_Job_01.01 _ EG; Extended Warranty.xml = ABEI Production Jobs\ABEI\1. Orders and warranty\ABEI_Job_01.01 _ EG; Extended Warranty.xml
		ABEI Production Jobs\ABEI\1. Orders and warranty\ABEI_Job_EDI orders _ update description.xml = ABEI Production Jobs\ABEI\1. Orders and warranty\ABEI_Job_EDI orders _ update description.xml
		ABEI Production Jobs\ABEI\1. Orders and warranty\ABEI_Job_EG; UPS _ POD.xml = ABEI Production Jobs\ABEI\1. Orders and warranty\ABEI_Job_EG; UPS _ POD.xml
		ABEI Production Jobs\ABEI\1. Orders and warranty\ABEI_Job_Pricelist change logging.xml = ABEI Production Jobs\ABEI\1. Orders and warranty\ABEI_Job_Pricelist change logging.xml
	EndProjectSection
EndProject
Project("{2150E333-8FDC-42A3-9474-1A3956D46DE8}") = "2. ICL", "2. ICL", "{EAEC75EF-08D5-4584-B37A-C5763CD815FC}"
	ProjectSection(SolutionItems) = preProject
		ABEI Production Jobs\ABEI\2. ICL\ABEI_Job_! EG; ICL verkoopfactuur kopiëren naar verkoopadministratie (483).xml = ABEI Production Jobs\ABEI\2. ICL\ABEI_Job_! EG; ICL verkoopfactuur kopiëren naar verkoopadministratie (483).xml
		ABEI Production Jobs\ABEI\2. ICL\ABEI_Job_! EG; Pakbon in facuur zetten (483).xml = ABEI Production Jobs\ABEI\2. ICL\ABEI_Job_! EG; Pakbon in facuur zetten (483).xml
		ABEI Production Jobs\ABEI\2. ICL\ABEI_Job_! EG; Set BTW code to Orlaco GMBH for ICP.xml = ABEI Production Jobs\ABEI\2. ICL\ABEI_Job_! EG; Set BTW code to Orlaco GMBH for ICP.xml
	EndProjectSection
EndProject
Project("{2150E333-8FDC-42A3-9474-1A3956D46DE8}") = "3. MRP jobs", "3. MRP jobs", "{283137E2-01A4-4ED5-946D-6DC6AB5659F5}"
	ProjectSection(SolutionItems) = preProject
		ABEI Production Jobs\ABEI\3. MRP jobs\ABEI_Job_! EG; Berekenen min max vrrd (400).xml = ABEI Production Jobs\ABEI\3. MRP jobs\ABEI_Job_! EG; Berekenen min max vrrd (400).xml
		ABEI Production Jobs\ABEI\3. MRP jobs\ABEI_Job_! EG; Berekenen min max vrrd (484).xml = ABEI Production Jobs\ABEI\3. MRP jobs\ABEI_Job_! EG; Berekenen min max vrrd (484).xml
		ABEI Production Jobs\ABEI\3. MRP jobs\ABEI_Job_! EG; HPP PROD aanmaken (400).xml = ABEI Production Jobs\ABEI\3. MRP jobs\ABEI_Job_! EG; HPP PROD aanmaken (400).xml
		ABEI Production Jobs\ABEI\3. MRP jobs\ABEI_Job_! EG; HPP PROD opschonen (400).xml = ABEI Production Jobs\ABEI\3. MRP jobs\ABEI_Job_! EG; HPP PROD opschonen (400).xml
		ABEI Production Jobs\ABEI\3. MRP jobs\ABEI_Job_Create Forecast Files.xml = ABEI Production Jobs\ABEI\3. MRP jobs\ABEI_Job_Create Forecast Files.xml
	EndProjectSection
EndProject
Project("{2150E333-8FDC-42A3-9474-1A3956D46DE8}") = "4. Quotations", "4. Quotations", "{D9DD3DE9-E3E6-43B7-A190-E59C48E7BBA2}"
	ProjectSection(SolutionItems) = preProject
		ABEI Production Jobs\ABEI\4. Quotations\ABEI_Job_! EG; Offerte inclusief voorwaarden mailen (100).xml = ABEI Production Jobs\ABEI\4. Quotations\ABEI_Job_! EG; Offerte inclusief voorwaarden mailen (100).xml
		ABEI Production Jobs\ABEI\4. Quotations\ABEI_Job_! EG; Offerte inclusief voorwaarden mailen (400).xml = ABEI Production Jobs\ABEI\4. Quotations\ABEI_Job_! EG; Offerte inclusief voorwaarden mailen (400).xml
		ABEI Production Jobs\ABEI\4. Quotations\ABEI_Job_! EG; Offerte inclusief voorwaarden mailen (483).xml = ABEI Production Jobs\ABEI\4. Quotations\ABEI_Job_! EG; Offerte inclusief voorwaarden mailen (483).xml
		ABEI Production Jobs\ABEI\4. Quotations\ABEI_Job_! EG; Offerte inclusief voorwaarden mailen (484).xml = ABEI Production Jobs\ABEI\4. Quotations\ABEI_Job_! EG; Offerte inclusief voorwaarden mailen (484).xml
	EndProjectSection
EndProject
Project("{2150E333-8FDC-42A3-9474-1A3956D46DE8}") = "5. Synchronisatie", "5. Synchronisatie", "{1FAE8D63-6C15-481F-85DB-6EF99534DFDC}"
	ProjectSection(SolutionItems) = preProject
		ABEI Production Jobs\ABEI\5. Synchronisatie\ABEI_Job_! EG; Variant gelijk maken in administraties.xml = ABEI Production Jobs\ABEI\5. Synchronisatie\ABEI_Job_! EG; Variant gelijk maken in administraties.xml
		ABEI Production Jobs\ABEI\5. Synchronisatie\ABEI_Job_05.1 _ NEW; ESE _ EG Sync _ Debtors.xml = ABEI Production Jobs\ABEI\5. Synchronisatie\ABEI_Job_05.1 _ NEW; ESE _ EG Sync _ Debtors.xml
		ABEI Production Jobs\ABEI\5. Synchronisatie\ABEI_Job_05.1.1 _ ESE _ Update CRM type in Synergy.xml = ABEI Production Jobs\ABEI\5. Synchronisatie\ABEI_Job_05.1.1 _ ESE _ Update CRM type in Synergy.xml
		ABEI Production Jobs\ABEI\5. Synchronisatie\ABEI_Job_05.2 _ NEW; ESE _ EG Sync _ Contacts.xml = ABEI Production Jobs\ABEI\5. Synchronisatie\ABEI_Job_05.2 _ NEW; ESE _ EG Sync _ Contacts.xml
		ABEI Production Jobs\ABEI\5. Synchronisatie\ABEI_Job_05.3 _ NEW; ESE _ EG Sync _ Addresses.xml = ABEI Production Jobs\ABEI\5. Synchronisatie\ABEI_Job_05.3 _ NEW; ESE _ EG Sync _ Addresses.xml
		ABEI Production Jobs\ABEI\5. Synchronisatie\ABEI_Job_05.4 _ NEW; ESE _ EG Sync _ Items.xml = ABEI Production Jobs\ABEI\5. Synchronisatie\ABEI_Job_05.4 _ NEW; ESE _ EG Sync _ Items.xml
		ABEI Production Jobs\ABEI\5. Synchronisatie\ABEI_Job_05.5 _ NEW; EG _ ESE Sync _ Items.xml = ABEI Production Jobs\ABEI\5. Synchronisatie\ABEI_Job_05.5 _ NEW; EG _ ESE Sync _ Items.xml
		ABEI Production Jobs\ABEI\5. Synchronisatie\ABEI_Job_05.9.1 _ EG; Start Sync Item From Pro.File.xml = ABEI Production Jobs\ABEI\5. Synchronisatie\ABEI_Job_05.9.1 _ EG; Start Sync Item From Pro.File.xml
		ABEI Production Jobs\ABEI\5. Synchronisatie\ABEI_Job_05.9.2 _ EG; Update Items   BOMS from PROFILE.xml = ABEI Production Jobs\ABEI\5. Synchronisatie\ABEI_Job_05.9.2 _ EG; Update Items   BOMS from PROFILE.xml
		ABEI Production Jobs\ABEI\5. Synchronisatie\ABEI_Job_Create BCA and prospect.xml = ABEI Production Jobs\ABEI\5. Synchronisatie\ABEI_Job_Create BCA and prospect.xml
		ABEI Production Jobs\ABEI\5. Synchronisatie\ABEI_Job_Creditors _ Synchonise incotermcode.xml = ABEI Production Jobs\ABEI\5. Synchronisatie\ABEI_Job_Creditors _ Synchonise incotermcode.xml
		ABEI Production Jobs\ABEI\5. Synchronisatie\ABEI_Job_EG ; Disable creditors with no activity.xml = ABEI Production Jobs\ABEI\5. Synchronisatie\ABEI_Job_EG ; Disable creditors with no activity.xml
		ABEI Production Jobs\ABEI\5. Synchronisatie\ABEI_Job_EG ; Update Salesprices (484).xml = ABEI Production Jobs\ABEI\5. Synchronisatie\ABEI_Job_EG ; Update Salesprices (484).xml
		ABEI Production Jobs\ABEI\5. Synchronisatie\ABEI_Job_EG; ItemAccounts.xml = ABEI Production Jobs\ABEI\5. Synchronisatie\ABEI_Job_EG; ItemAccounts.xml
		ABEI Production Jobs\ABEI\5. Synchronisatie\ABEI_Job_IConneqt import WEB RMA.xml = ABEI Production Jobs\ABEI\5. Synchronisatie\ABEI_Job_IConneqt import WEB RMA.xml
		ABEI Production Jobs\ABEI\5. Synchronisatie\ABEI_Job_IConneqt Sync contact information.xml = ABEI Production Jobs\ABEI\5. Synchronisatie\ABEI_Job_IConneqt Sync contact information.xml
		ABEI Production Jobs\ABEI\5. Synchronisatie\ABEI_Job_Kardex continues synchronisation.xml = ABEI Production Jobs\ABEI\5. Synchronisatie\ABEI_Job_Kardex continues synchronisation.xml
		ABEI Production Jobs\ABEI\5. Synchronisatie\ABEI_Job_Kardex daily synchronisation.xml = ABEI Production Jobs\ABEI\5. Synchronisatie\ABEI_Job_Kardex daily synchronisation.xml
		ABEI Production Jobs\ABEI\5. Synchronisatie\ABEI_Job_Order   Invoice ; Order Sync (484 __ 400).xml = ABEI Production Jobs\ABEI\5. Synchronisatie\ABEI_Job_Order   Invoice ; Order Sync (484 __ 400).xml
		ABEI Production Jobs\ABEI\5. Synchronisatie\ABEI_Job_Order   Invoice; Invoice Sync (484 __ 400).xml = ABEI Production Jobs\ABEI\5. Synchronisatie\ABEI_Job_Order   Invoice; Invoice Sync (484 __ 400).xml
		ABEI Production Jobs\ABEI\5. Synchronisatie\ABEI_Job_Update ICL price list.xml = ABEI Production Jobs\ABEI\5. Synchronisatie\ABEI_Job_Update ICL price list.xml
	EndProjectSection
EndProject
Project("{2150E333-8FDC-42A3-9474-1A3956D46DE8}") = "6. Service", "6. Service", "{AFCEFE8C-DAFD-4741-960F-9CEA5E29FD2F}"
	ProjectSection(SolutionItems) = preProject
		ABEI Production Jobs\ABEI\6. Service\ABEI_Job_! EG ; Montage orders.xml = ABEI Production Jobs\ABEI\6. Service\ABEI_Job_! EG ; Montage orders.xml
		ABEI Production Jobs\ABEI\6. Service\ABEI_Job_! EG ; Training orders.xml = ABEI Production Jobs\ABEI\6. Service\ABEI_Job_! EG ; Training orders.xml
		ABEI Production Jobs\ABEI\6. Service\ABEI_Job_! EG; Aanmaken 600 serviceorders.xml = ABEI Production Jobs\ABEI\6. Service\ABEI_Job_! EG; Aanmaken 600 serviceorders.xml
		ABEI Production Jobs\ABEI\6. Service\ABEI_Job_! EG; Aanmaken 610 ruilorders.xml = ABEI Production Jobs\ABEI\6. Service\ABEI_Job_! EG; Aanmaken 610 ruilorders.xml
		ABEI Production Jobs\ABEI\6. Service\ABEI_Job_! EG; Aanmaken 640 reparatieorders.xml = ABEI Production Jobs\ABEI\6. Service\ABEI_Job_! EG; Aanmaken 640 reparatieorders.xml
		ABEI Production Jobs\ABEI\6. Service\ABEI_Job_! ESE; Prijsopgave.xml = ABEI Production Jobs\ABEI\6. Service\ABEI_Job_! ESE; Prijsopgave.xml
		ABEI Production Jobs\ABEI\6. Service\ABEI_Job_! ESE; Reparatie Garantie.xml = ABEI Production Jobs\ABEI\6. Service\ABEI_Job_! ESE; Reparatie Garantie.xml
		ABEI Production Jobs\ABEI\6. Service\ABEI_Job_! ESE; Voorraad Montage Melding.xml = ABEI Production Jobs\ABEI\6. Service\ABEI_Job_! ESE; Voorraad Montage Melding.xml
		ABEI Production Jobs\ABEI\6. Service\ABEI_Job_Sync SimpleSimon Planning And Attachments.xml = ABEI Production Jobs\ABEI\6. Service\ABEI_Job_Sync SimpleSimon Planning And Attachments.xml
	EndProjectSection
EndProject
Project("{2150E333-8FDC-42A3-9474-1A3956D46DE8}") = "7. Requests", "7. Requests", "{4AB948A4-C35B-4F19-B491-6ED64331F62F}"
	ProjectSection(SolutionItems) = preProject
		ABEI Production Jobs\ABEI\7. Requests\ABEI_Job_! EG; Verlofregistratie agenda manager.xml = ABEI Production Jobs\ABEI\7. Requests\ABEI_Job_! EG; Verlofregistratie agenda manager.xml
		ABEI Production Jobs\ABEI\7. Requests\ABEI_Job_! ESE ; Work From Home Request.xml = ABEI Production Jobs\ABEI\7. Requests\ABEI_Job_! ESE ; Work From Home Request.xml
		ABEI Production Jobs\ABEI\7. Requests\ABEI_Job_! ESE; Controle nieuwe debiteur.xml = ABEI Production Jobs\ABEI\7. Requests\ABEI_Job_! ESE; Controle nieuwe debiteur.xml
		ABEI Production Jobs\ABEI\7. Requests\ABEI_Job_! ESE; HRM eindecontract.xml = ABEI Production Jobs\ABEI\7. Requests\ABEI_Job_! ESE; HRM eindecontract.xml
		ABEI Production Jobs\ABEI\7. Requests\ABEI_Job_! ESE; HRM ziekmelding start.xml = ABEI Production Jobs\ABEI\7. Requests\ABEI_Job_! ESE; HRM ziekmelding start.xml
		ABEI Production Jobs\ABEI\7. Requests\ABEI_Job_! ESE; PD Warehouse 90, 91, 92 ontvangsten.xml = ABEI Production Jobs\ABEI\7. Requests\ABEI_Job_! ESE; PD Warehouse 90, 91, 92 ontvangsten.xml
		ABEI Production Jobs\ABEI\7. Requests\ABEI_Job_EG ESE; Verzoek export licentie.xml = ABEI Production Jobs\ABEI\7. Requests\ABEI_Job_EG ESE; Verzoek export licentie.xml
		ABEI Production Jobs\ABEI\7. Requests\ABEI_Job_ESE; IFR _ Restore waiting check.xml = ABEI Production Jobs\ABEI\7. Requests\ABEI_Job_ESE; IFR _ Restore waiting check.xml
	EndProjectSection
EndProject
Project("{2150E333-8FDC-42A3-9474-1A3956D46DE8}") = "8. Mailings", "8. Mailings", "{1EBDF1D8-06B7-45C1-AC7B-2ECAA1E63B19}"
	ProjectSection(SolutionItems) = preProject
		ABEI Production Jobs\ABEI\8. Mailings\ABEI_Job_Daily mailings.xml = ABEI Production Jobs\ABEI\8. Mailings\ABEI_Job_Daily mailings.xml
		ABEI Production Jobs\ABEI\8. Mailings\ABEI_Job_Direct Mailings.xml = ABEI Production Jobs\ABEI\8. Mailings\ABEI_Job_Direct Mailings.xml
		ABEI Production Jobs\ABEI\8. Mailings\ABEI_Job_Orlaco Data Quality.xml = ABEI Production Jobs\ABEI\8. Mailings\ABEI_Job_Orlaco Data Quality.xml
		ABEI Production Jobs\ABEI\8. Mailings\ABEI_Job_Weekly Mailing Open Orders Customers.xml = ABEI Production Jobs\ABEI\8. Mailings\ABEI_Job_Weekly Mailing Open Orders Customers.xml
		ABEI Production Jobs\ABEI\8. Mailings\ABEI_Job_Weekly mailings.xml = ABEI Production Jobs\ABEI\8. Mailings\ABEI_Job_Weekly mailings.xml
	EndProjectSection
EndProject
Project("{2150E333-8FDC-42A3-9474-1A3956D46DE8}") = "9. Eenmalige correctie jobs", "9. Eenmalige correctie jobs", "{3A778E9C-DF36-4DEF-AD68-43E631424A8C}"
	ProjectSection(SolutionItems) = preProject
		ABEI Production Jobs\ABEI\9. Eenmalige correctie jobs\ABEI_Job_9.01. EG; Order price update.xml = ABEI Production Jobs\ABEI\9. Eenmalige correctie jobs\ABEI_Job_9.01. EG; Order price update.xml
		ABEI Production Jobs\ABEI\9. Eenmalige correctie jobs\ABEI_Job_9.02. EG; Quotation price update.xml = ABEI Production Jobs\ABEI\9. Eenmalige correctie jobs\ABEI_Job_9.02. EG; Quotation price update.xml
		ABEI Production Jobs\ABEI\9. Eenmalige correctie jobs\ABEI_Job_9.03. EG ; Update SalespackagePrice.xml = ABEI Production Jobs\ABEI\9. Eenmalige correctie jobs\ABEI_Job_9.03. EG ; Update SalespackagePrice.xml
		ABEI Production Jobs\ABEI\9. Eenmalige correctie jobs\ABEI_Job_Import Sales Order Planned Dates.xml = ABEI Production Jobs\ABEI\9. Eenmalige correctie jobs\ABEI_Job_Import Sales Order Planned Dates.xml
		ABEI Production Jobs\ABEI\9. Eenmalige correctie jobs\ABEI_Job_Mailing Import SO Dates.xml = ABEI Production Jobs\ABEI\9. Eenmalige correctie jobs\ABEI_Job_Mailing Import SO Dates.xml
		ABEI Production Jobs\ABEI\9. Eenmalige correctie jobs\ABEI_Job_Syn + EG; Aanpassen account Manager (eenmalig).xml = ABEI Production Jobs\ABEI\9. Eenmalige correctie jobs\ABEI_Job_Syn + EG; Aanpassen account Manager (eenmalig).xml
	EndProjectSection
EndProject
Project("{2150E333-8FDC-42A3-9474-1A3956D46DE8}") = "10. SOx", "10. SOx", "{FDB5A175-C068-4D17-AD6E-DAFAEDAB9373}"
	ProjectSection(SolutionItems) = preProject
		ABEI Production Jobs\ABEI\10. SOx\ABEI_Job_AB_Staffl_Log Live.xml = ABEI Production Jobs\ABEI\10. SOx\ABEI_Job_AB_Staffl_Log Live.xml
		ABEI Production Jobs\ABEI\10. SOx\ABEI_Job_AB_Voorrd_Log.xml = ABEI Production Jobs\ABEI\10. SOx\ABEI_Job_AB_Voorrd_Log.xml
		ABEI Production Jobs\ABEI\10. SOx\ABEI_Job_ST_ABEI_Logging.xml = ABEI Production Jobs\ABEI\10. SOx\ABEI_Job_ST_ABEI_Logging.xml
		ABEI Production Jobs\ABEI\10. SOx\ABEI_Job_ST_Invoice_Price_log.xml = ABEI Production Jobs\ABEI\10. SOx\ABEI_Job_ST_Invoice_Price_log.xml
	EndProjectSection
EndProject
Project("{2150E333-8FDC-42A3-9474-1A3956D46DE8}") = "11. TransfersOrders", "11. TransfersOrders", "{78BB2266-AB30-414F-BB4C-44994BC69416}"
	ProjectSection(SolutionItems) = preProject
		ABEI Production Jobs\ABEI\11. TransfersOrders\ABEI_Job_11.0 _ EG; Stock registration _ Order Creation.xml = ABEI Production Jobs\ABEI\11. TransfersOrders\ABEI_Job_11.0 _ EG; Stock registration _ Order Creation.xml
		ABEI Production Jobs\ABEI\11. TransfersOrders\ABEI_Job_11.1 _ EG; Delivery.xml = ABEI Production Jobs\ABEI\11. TransfersOrders\ABEI_Job_11.1 _ EG; Delivery.xml
		ABEI Production Jobs\ABEI\11. TransfersOrders\ABEI_Job_11.2 _ EG; Receipt.xml = ABEI Production Jobs\ABEI\11. TransfersOrders\ABEI_Job_11.2 _ EG; Receipt.xml
		ABEI Production Jobs\ABEI\11. TransfersOrders\ABEI_Job_11.3 _ EG; Update delivery date purchase order.xml = ABEI Production Jobs\ABEI\11. TransfersOrders\ABEI_Job_11.3 _ EG; Update delivery date purchase order.xml
		ABEI Production Jobs\ABEI\11. TransfersOrders\ABEI_Job_11.9.1 _ OUT VanReenen Inbound Order.xml = ABEI Production Jobs\ABEI\11. TransfersOrders\ABEI_Job_11.9.1 _ OUT VanReenen Inbound Order.xml
		ABEI Production Jobs\ABEI\11. TransfersOrders\ABEI_Job_11.9.2 _ IN VanReenen Receipt.xml = ABEI Production Jobs\ABEI\11. TransfersOrders\ABEI_Job_11.9.2 _ IN VanReenen Receipt.xml
		ABEI Production Jobs\ABEI\11. TransfersOrders\ABEI_Job_11.9.3 _ OUT VanReenen Outbound Order.xml = ABEI Production Jobs\ABEI\11. TransfersOrders\ABEI_Job_11.9.3 _ OUT VanReenen Outbound Order.xml
		ABEI Production Jobs\ABEI\11. TransfersOrders\ABEI_Job_11.9.4 _ IN VanReenen Shipment.xml = ABEI Production Jobs\ABEI\11. TransfersOrders\ABEI_Job_11.9.4 _ IN VanReenen Shipment.xml
	EndProjectSection
EndProject
Project("{2150E333-8FDC-42A3-9474-1A3956D46DE8}") = "12. Excel", "12. Excel", "{AE247AF0-4B1F-46DE-8AF3-1E6748DF900D}"
	ProjectSection(SolutionItems) = preProject
		ABEI Production Jobs\ABEI\12. Excel\ABEI_Job_12.01 _ EG; Financiele boeking _ Import inleenuren.xml = ABEI Production Jobs\ABEI\12. Excel\ABEI_Job_12.01 _ EG; Financiele boeking _ Import inleenuren.xml
		ABEI Production Jobs\ABEI\12. Excel\ABEI_Job_99.01 _ TEST EG; Financiele boeking.xml = ABEI Production Jobs\ABEI\12. Excel\ABEI_Job_99.01 _ TEST EG; Financiele boeking.xml
	EndProjectSection
EndProject
Project("{2150E333-8FDC-42A3-9474-1A3956D46DE8}") = "99. Test _ In Ontwikkeling", "99. Test _ In Ontwikkeling", "{FB11B10D-5625-4B0A-A0A2-A25648D9FFCB}"
	ProjectSection(SolutionItems) = preProject
		ABEI Production Jobs\ABEI\99. Test _ In Ontwikkeling\ABEI_Job_05.1 _ NEW; ESE _ EG Sync _ Creditors.xml = ABEI Production Jobs\ABEI\99. Test _ In Ontwikkeling\ABEI_Job_05.1 _ NEW; ESE _ EG Sync _ Creditors.xml
		ABEI Production Jobs\ABEI\99. Test _ In Ontwikkeling\ABEI_Job_05.2 _ NEW; ESE _ EG Sync _ Contacts Creditors.xml = ABEI Production Jobs\ABEI\99. Test _ In Ontwikkeling\ABEI_Job_05.2 _ NEW; ESE _ EG Sync _ Contacts Creditors.xml
		ABEI Production Jobs\ABEI\99. Test _ In Ontwikkeling\ABEI_Job_05.3 _ NEW; ESE _ EG Sync _ Addresses Creditors.xml = ABEI Production Jobs\ABEI\99. Test _ In Ontwikkeling\ABEI_Job_05.3 _ NEW; ESE _ EG Sync _ Addresses Creditors.xml
		ABEI Production Jobs\ABEI\99. Test _ In Ontwikkeling\ABEI_Job_EG ESE; Montagebon en factuur mail.xml = ABEI Production Jobs\ABEI\99. Test _ In Ontwikkeling\ABEI_Job_EG ESE; Montagebon en factuur mail.xml
		ABEI Production Jobs\ABEI\99. Test _ In Ontwikkeling\ABEI_Job_EG; DAF EDI.xml = ABEI Production Jobs\ABEI\99. Test _ In Ontwikkeling\ABEI_Job_EG; DAF EDI.xml
		ABEI Production Jobs\ABEI\99. Test _ In Ontwikkeling\ABEI_Job_EG; Test Aanmaken 640 reparatieorders met contactpersonen.xml = ABEI Production Jobs\ABEI\99. Test _ In Ontwikkeling\ABEI_Job_EG; Test Aanmaken 640 reparatieorders met contactpersonen.xml
		ABEI Production Jobs\ABEI\99. Test _ In Ontwikkeling\ABEI_Job_EG; Test LVE.xml = ABEI Production Jobs\ABEI\99. Test _ In Ontwikkeling\ABEI_Job_EG; Test LVE.xml
		ABEI Production Jobs\ABEI\99. Test _ In Ontwikkeling\ABEI_Job_EG; Test Transferorder _ weight on invoice.xml = ABEI Production Jobs\ABEI\99. Test _ In Ontwikkeling\ABEI_Job_EG; Test Transferorder _ weight on invoice.xml
		ABEI Production Jobs\ABEI\99. Test _ In Ontwikkeling\ABEI_Job_Empty Min Max 484.xml = ABEI Production Jobs\ABEI\99. Test _ In Ontwikkeling\ABEI_Job_Empty Min Max 484.xml
		ABEI Production Jobs\ABEI\99. Test _ In Ontwikkeling\ABEI_Job_Import Item counting Cycle.xml = ABEI Production Jobs\ABEI\99. Test _ In Ontwikkeling\ABEI_Job_Import Item counting Cycle.xml
		ABEI Production Jobs\ABEI\99. Test _ In Ontwikkeling\ABEI_Job_Process invoices AR RPA.xml = ABEI Production Jobs\ABEI\99. Test _ In Ontwikkeling\ABEI_Job_Process invoices AR RPA.xml
		ABEI Production Jobs\ABEI\99. Test _ In Ontwikkeling\ABEI_Job_Test LS.xml = ABEI Production Jobs\ABEI\99. Test _ In Ontwikkeling\ABEI_Job_Test LS.xml
		ABEI Production Jobs\ABEI\99. Test _ In Ontwikkeling\ABEI_Job_Update order rows to actual price pricelist.xml = ABEI Production Jobs\ABEI\99. Test _ In Ontwikkeling\ABEI_Job_Update order rows to actual price pricelist.xml
	EndProjectSection
EndProject
Project("{2150E333-8FDC-42A3-9474-1A3956D46DE8}") = "Process monitoring", "Process monitoring", "{E1962A40-7985-4D16-9AD4-C24D922BC37D}"
	ProjectSection(SolutionItems) = preProject
		ABEI Production Jobs\ABEI\Process monitoring\ABEI_Job_Lock check tool.xml = ABEI Production Jobs\ABEI\Process monitoring\ABEI_Job_Lock check tool.xml
		ABEI Production Jobs\ABEI\Process monitoring\ABEI_Job_Start ICL services.xml = ABEI Production Jobs\ABEI\Process monitoring\ABEI_Job_Start ICL services.xml
		ABEI Production Jobs\ABEI\Process monitoring\ABEI_Job_Stop ICL services.xml = ABEI Production Jobs\ABEI\Process monitoring\ABEI_Job_Stop ICL services.xml
	EndProjectSection
EndProject
Global
	GlobalSection(SolutionProperties) = preSolution
		HideSolutionNode = FALSE
	EndGlobalSection
	GlobalSection(NestedProjects) = preSolution
		{8E8E58CD-95DB-4F3E-89C7-18A33D2ADC3D} = {084110E9-A778-4661-847A-3A4CCB4C41CA}
		{D6086639-FCDB-462E-8E31-DB117EC38DA1} = {084110E9-A778-4661-847A-3A4CCB4C41CA}
		{842363B3-514F-43E0-82FD-F07DE3DF6166} = {084110E9-A778-4661-847A-3A4CCB4C41CA}
		{27171723-C7A4-4F59-BDB0-C668B7887BBC} = {084110E9-A778-4661-847A-3A4CCB4C41CA}
		{60DC39CD-B333-4936-A0F6-D38D10416049} = {5A510F56-0968-4076-9D8D-3B3D889B6F49}
		{657FE34E-3026-43E6-800D-D9BB57B4ABEC} = {5A510F56-0968-4076-9D8D-3B3D889B6F49}
		{4A047FC0-714C-4B63-B0FE-7487C6DC2385} = {5A510F56-0968-4076-9D8D-3B3D889B6F49}
		{33F14628-3E26-4A9B-8A22-31CECE77D0BC} = {5A510F56-0968-4076-9D8D-3B3D889B6F49}
		{A913CAB4-E71B-4B5B-9BC4-CFA6CFC6830D} = {924237AD-360C-4FCD-BCCD-0E5E7C45C1EC}
		{446F81EA-D481-4C90-A711-0EC45D3CA415} = {924237AD-360C-4FCD-BCCD-0E5E7C45C1EC}
		{EAEC75EF-08D5-4584-B37A-C5763CD815FC} = {924237AD-360C-4FCD-BCCD-0E5E7C45C1EC}
		{283137E2-01A4-4ED5-946D-6DC6AB5659F5} = {924237AD-360C-4FCD-BCCD-0E5E7C45C1EC}
		{D9DD3DE9-E3E6-43B7-A190-E59C48E7BBA2} = {924237AD-360C-4FCD-BCCD-0E5E7C45C1EC}
		{1FAE8D63-6C15-481F-85DB-6EF99534DFDC} = {924237AD-360C-4FCD-BCCD-0E5E7C45C1EC}
		{AFCEFE8C-DAFD-4741-960F-9CEA5E29FD2F} = {924237AD-360C-4FCD-BCCD-0E5E7C45C1EC}
		{4AB948A4-C35B-4F19-B491-6ED64331F62F} = {924237AD-360C-4FCD-BCCD-0E5E7C45C1EC}
		{1EBDF1D8-06B7-45C1-AC7B-2ECAA1E63B19} = {924237AD-360C-4FCD-BCCD-0E5E7C45C1EC}
		{3A778E9C-DF36-4DEF-AD68-43E631424A8C} = {924237AD-360C-4FCD-BCCD-0E5E7C45C1EC}
		{FDB5A175-C068-4D17-AD6E-DAFAEDAB9373} = {924237AD-360C-4FCD-BCCD-0E5E7C45C1EC}
		{78BB2266-AB30-414F-BB4C-44994BC69416} = {924237AD-360C-4FCD-BCCD-0E5E7C45C1EC}
		{AE247AF0-4B1F-46DE-8AF3-1E6748DF900D} = {924237AD-360C-4FCD-BCCD-0E5E7C45C1EC}
		{FB11B10D-5625-4B0A-A0A2-A25648D9FFCB} = {924237AD-360C-4FCD-BCCD-0E5E7C45C1EC}
		{E1962A40-7985-4D16-9AD4-C24D922BC37D} = {924237AD-360C-4FCD-BCCD-0E5E7C45C1EC}
	EndGlobalSection
	GlobalSection(ExtensibilityGlobals) = postSolution
		SolutionGuid = {71FBFD1E-522E-4CD8-9216-B8DD666A3EB5}
	EndGlobalSection
EndGlobal
